
Microsoft Visual Studio Solution File, Format Version 12.00
# Visual Studio Version 17
VisualStudioVersion = 17.6.33815.320
MinimumVisualStudioVersion = 10.0.40219.1
Project("{FAE04EC0-301F-11D3-BF4B-00C04F79EFBC}") = "Deneme1", "Deneme1.csproj", "{93606EB6-F4AC-451A-9382-846019DEEBBB}"
EndProject
Global
	GlobalSection(SolutionConfigurationPlatforms) = preSolution
		Debug|Any CPU = Debug|Any CPU
		Release|Any CPU = Release|Any CPU
	EndGlobalSection
	GlobalSection(ProjectConfigurationPlatforms) = postSolution
		{93606EB6-F4AC-451A-9382-846019DEEBBB}.Debug|Any CPU.ActiveCfg = Debug|Any CPU
		{93606EB6-F4AC-451A-9382-846019DEEBBB}.Debug|Any CPU.Build.0 = Debug|Any CPU
		{93606EB6-F4AC-451A-9382-846019DEEBBB}.Release|Any CPU.ActiveCfg = Release|Any CPU
		{93606EB6-F4AC-451A-9382-846019DEEBBB}.Release|Any CPU.Build.0 = Release|Any CPU
	EndGlobalSection
	GlobalSection(SolutionProperties) = preSolution
		HideSolutionNode = FALSE
	EndGlobalSection
	GlobalSection(ExtensibilityGlobals) = postSolution
		SolutionGuid = {6EB2F8E9-6286-4A27-8D11-D252172F37B7}
	EndGlobalSection
EndGlobal
